PODS:
  - CocoaLumberjack/Core (3.7.4)
  - CocoaLumberjack/Swift (3.7.4):
    - CocoaLumberjack/Core
  - DesignSystem (0.1.0)
  - SQLite.swift (0.13.3):
    - SQLite.swift/standard (= 0.13.3)
  - SQLite.swift/standard (0.13.3)
  - SwiftLint (0.48.0)

DEPENDENCIES:
  - CocoaLumberjack/Swift
  - DesignSystem (from `https://github.com/patison5/DesignSystem.git`)
  - SQLite.swift (from `https://github.com/stephencelis/SQLite.swift.git`, branch `master`)
  - SwiftLint

SPEC REPOS:
  trunk:
    - CocoaLumberjack
    - SwiftLint

EXTERNAL SOURCES:
  DesignSystem:
    :git: https://github.com/patison5/DesignSystem.git
  SQLite.swift:
    :branch: master
    :git: https://github.com/stephencelis/SQLite.swift.git

CHECKOUT OPTIONS:
  DesignSystem:
    :commit: e995046ec3c9a1d09de25ac92c9821250aa32551
    :git: https://github.com/patison5/DesignSystem.git
  SQLite.swift:
    :commit: 7e525c267e464e38db645ffa42632800aef00043
    :git: https://github.com/stephencelis/SQLite.swift.git

SPEC CHECKSUMS:
  CocoaLumberjack: 543c79c114dadc3b1aba95641d8738b06b05b646
  DesignSystem: 74e93796790ab0990cf4e7cb488bce4325cc8c85
  SQLite.swift: eb01f4711ec4ee4c366fd3e6443917ad936b0e1b
  SwiftLint: 284cea64b6187c5d6bd83e9a548a64104d546447

PODFILE CHECKSUM: d1f6f8bf870617aaca3851e67112d7d8360503fd

COCOAPODS: 1.11.3
