// !$*UTF8*$!
{
	archiveVersion = 1;
	classes = {
	};
	objectVersion = 55;
	objects = {

/* Begin PBXBuildFile section */
		0599646DE6EDBF824D2EE68B /* Pods_YandexHomeworkTests.framework in Frameworks */ = {isa = PBXBuildFile; fileRef = 481FEAD2DEA8EE0379716071 /* Pods_YandexHomeworkTests.framework */; };
		6859409F163755AB49A5ED70 /* Pods_YandexHomework_YandexHomeworkUITests.framework in Frameworks */ = {isa = PBXBuildFile; fileRef = F8BB8ECA426C0E325C673151 /* Pods_YandexHomework_YandexHomeworkUITests.framework */; };
		D6094D742896EF4600A65EAD /* TodoViewModel.swift in Sources */ = {isa = PBXBuildFile; fileRef = D6094D732896EF4600A65EAD /* TodoViewModel.swift */; };
		D6094D762897059E00A65EAD /* TodoViewModelProtocol.swift in Sources */ = {isa = PBXBuildFile; fileRef = D6094D752897059E00A65EAD /* TodoViewModelProtocol.swift */; };
		D6094D7B2897FCB200A65EAD /* HomeViewController.swift in Sources */ = {isa = PBXBuildFile; fileRef = D6094D7A2897FCB100A65EAD /* HomeViewController.swift */; };
		D6094D7F28999FBD00A65EAD /* HomeTableView.swift in Sources */ = {isa = PBXBuildFile; fileRef = D6094D7E28999FBC00A65EAD /* HomeTableView.swift */; };
		D6094D812899AD3F00A65EAD /* IconWithDateView.swift in Sources */ = {isa = PBXBuildFile; fileRef = D6094D802899AD3F00A65EAD /* IconWithDateView.swift */; };
		D6094D832899B02500A65EAD /* TaskCell.swift in Sources */ = {isa = PBXBuildFile; fileRef = D6094D822899B02500A65EAD /* TaskCell.swift */; };
		D6094D872899B8B300A65EAD /* RadioButtonView.swift in Sources */ = {isa = PBXBuildFile; fileRef = D6094D862899B8B300A65EAD /* RadioButtonView.swift */; };
		D6094D8A289AD38900A65EAD /* TaskCellHeader.swift in Sources */ = {isa = PBXBuildFile; fileRef = D6094D89289AD38900A65EAD /* TaskCellHeader.swift */; };
		D628B6EA28A473C800B82570 /* Pods_YandexHomework.framework in Frameworks */ = {isa = PBXBuildFile; fileRef = 902674455B43D48C37BA5731 /* Pods_YandexHomework.framework */; };
		D628B71C28A69B9C00B82570 /* NetworkService.swift in Sources */ = {isa = PBXBuildFile; fileRef = D628B71B28A69B9C00B82570 /* NetworkService.swift */; };
		D628B71E28A69BB800B82570 /* NetworkServiceProtocol.swift in Sources */ = {isa = PBXBuildFile; fileRef = D628B71D28A69BB800B82570 /* NetworkServiceProtocol.swift */; };
		D628B72028A69C8B00B82570 /* MockNetworkService.swift in Sources */ = {isa = PBXBuildFile; fileRef = D628B71F28A69C8B00B82570 /* MockNetworkService.swift */; };
		D6445889289EEF5D00B7DCE4 /* HomeViewModelDelegate.swift in Sources */ = {isa = PBXBuildFile; fileRef = D6445888289EEF5D00B7DCE4 /* HomeViewModelDelegate.swift */; };
		D64DC7EE2891954A003EAE48 /* AppDelegate.swift in Sources */ = {isa = PBXBuildFile; fileRef = D64DC7ED2891954A003EAE48 /* AppDelegate.swift */; };
		D64DC7F02891954A003EAE48 /* SceneDelegate.swift in Sources */ = {isa = PBXBuildFile; fileRef = D64DC7EF2891954A003EAE48 /* SceneDelegate.swift */; };
		D64DC7F72891954C003EAE48 /* Assets.xcassets in Resources */ = {isa = PBXBuildFile; fileRef = D64DC7F62891954C003EAE48 /* Assets.xcassets */; };
		D64DC80F2891954D003EAE48 /* YandexHomeworkUITests.swift in Sources */ = {isa = PBXBuildFile; fileRef = D64DC80E2891954D003EAE48 /* YandexHomeworkUITests.swift */; };
		D64DC8112891954D003EAE48 /* YandexHomeworkUITestsLaunchTests.swift in Sources */ = {isa = PBXBuildFile; fileRef = D64DC8102891954D003EAE48 /* YandexHomeworkUITestsLaunchTests.swift */; };
		D64DC8222891975F003EAE48 /* FileCacheServiceProtocol.swift in Sources */ = {isa = PBXBuildFile; fileRef = D64DC8212891975F003EAE48 /* FileCacheServiceProtocol.swift */; };
		D64DC82428919771003EAE48 /* FileCache.swift in Sources */ = {isa = PBXBuildFile; fileRef = D64DC82328919771003EAE48 /* FileCache.swift */; };
		D64DC8262891978C003EAE48 /* FileCacheError.swift in Sources */ = {isa = PBXBuildFile; fileRef = D64DC8252891978C003EAE48 /* FileCacheError.swift */; };
		D64DC828289197A2003EAE48 /* TodoItem.swift in Sources */ = {isa = PBXBuildFile; fileRef = D64DC827289197A2003EAE48 /* TodoItem.swift */; };
		D64DC82A289197B9003EAE48 /* FileCacheTests.swift in Sources */ = {isa = PBXBuildFile; fileRef = D64DC829289197B9003EAE48 /* FileCacheTests.swift */; };
		D64DC82C289197DE003EAE48 /* TodoItemTests.swift in Sources */ = {isa = PBXBuildFile; fileRef = D64DC82B289197DE003EAE48 /* TodoItemTests.swift */; };
		D64DC82E2891CBFB003EAE48 /* TodoModalViewController.swift in Sources */ = {isa = PBXBuildFile; fileRef = D64DC82D2891CBFB003EAE48 /* TodoModalViewController.swift */; };
		D64DC83928927A97003EAE48 /* ImportancyView.swift in Sources */ = {isa = PBXBuildFile; fileRef = D64DC83828927A97003EAE48 /* ImportancyView.swift */; };
		D64DC83D28930A6D003EAE48 /* DeadlineView.swift in Sources */ = {isa = PBXBuildFile; fileRef = D64DC83C28930A6D003EAE48 /* DeadlineView.swift */; };
		D64DC8422893F2C7003EAE48 /* Date+Extension.swift in Sources */ = {isa = PBXBuildFile; fileRef = D64DC8412893F2C6003EAE48 /* Date+Extension.swift */; };
		D6F4C5A1289BCD82007FF13A /* HomeViewModel.swift in Sources */ = {isa = PBXBuildFile; fileRef = D6F4C5A0289BCD82007FF13A /* HomeViewModel.swift */; };
		D6F4C5A3289BD1F2007FF13A /* HomeViewModelProtocol.swift in Sources */ = {isa = PBXBuildFile; fileRef = D6F4C5A2289BD1F2007FF13A /* HomeViewModelProtocol.swift */; };
		D6F4C5A5289C4FF1007FF13A /* TodoViewState.swift in Sources */ = {isa = PBXBuildFile; fileRef = D6F4C5A4289C4FF1007FF13A /* TodoViewState.swift */; };
		D6F4C5A7289D4871007FF13A /* HomeViewControllerProtocol.swift in Sources */ = {isa = PBXBuildFile; fileRef = D6F4C5A6289D4871007FF13A /* HomeViewControllerProtocol.swift */; };
		D6F4C5A9289DB21F007FF13A /* TaskInputCell.swift in Sources */ = {isa = PBXBuildFile; fileRef = D6F4C5A8289DB21F007FF13A /* TaskInputCell.swift */; };
/* End PBXBuildFile section */

/* Begin PBXContainerItemProxy section */
		D64DC8012891954D003EAE48 /* PBXContainerItemProxy */ = {
			isa = PBXContainerItemProxy;
			containerPortal = D64DC7E228919549003EAE48 /* Project object */;
			proxyType = 1;
			remoteGlobalIDString = D64DC7E92891954A003EAE48;
			remoteInfo = YandexHomework;
		};
		D64DC80B2891954D003EAE48 /* PBXContainerItemProxy */ = {
			isa = PBXContainerItemProxy;
			containerPortal = D64DC7E228919549003EAE48 /* Project object */;
			proxyType = 1;
			remoteGlobalIDString = D64DC7E92891954A003EAE48;
			remoteInfo = YandexHomework;
		};
/* End PBXContainerItemProxy section */

/* Begin PBXFileReference section */
		481FEAD2DEA8EE0379716071 /* Pods_YandexHomeworkTests.framework */ = {isa = PBXFileReference; explicitFileType = wrapper.framework; includeInIndex = 0; path = Pods_YandexHomeworkTests.framework; sourceTree = BUILT_PRODUCTS_DIR; };
		593376DDC4EAFCA7EC6A8D83 /* Pods-YandexHomeworkTests.release.xcconfig */ = {isa = PBXFileReference; includeInIndex = 1; lastKnownFileType = text.xcconfig; name = "Pods-YandexHomeworkTests.release.xcconfig"; path = "Target Support Files/Pods-YandexHomeworkTests/Pods-YandexHomeworkTests.release.xcconfig"; sourceTree = "<group>"; };
		799C2D090CEEC3AC4124305E /* Pods-YandexHomework-YandexHomeworkUITests.debug.xcconfig */ = {isa = PBXFileReference; includeInIndex = 1; lastKnownFileType = text.xcconfig; name = "Pods-YandexHomework-YandexHomeworkUITests.debug.xcconfig"; path = "Target Support Files/Pods-YandexHomework-YandexHomeworkUITests/Pods-YandexHomework-YandexHomeworkUITests.debug.xcconfig"; sourceTree = "<group>"; };
		8F17A7FF3D627513B05DBB84 /* Pods-YandexHomework.debug.xcconfig */ = {isa = PBXFileReference; includeInIndex = 1; lastKnownFileType = text.xcconfig; name = "Pods-YandexHomework.debug.xcconfig"; path = "Target Support Files/Pods-YandexHomework/Pods-YandexHomework.debug.xcconfig"; sourceTree = "<group>"; };
		902674455B43D48C37BA5731 /* Pods_YandexHomework.framework */ = {isa = PBXFileReference; explicitFileType = wrapper.framework; includeInIndex = 0; path = Pods_YandexHomework.framework; sourceTree = BUILT_PRODUCTS_DIR; };
		D6094D732896EF4600A65EAD /* TodoViewModel.swift */ = {isa = PBXFileReference; lastKnownFileType = sourcecode.swift; path = TodoViewModel.swift; sourceTree = "<group>"; };
		D6094D752897059E00A65EAD /* TodoViewModelProtocol.swift */ = {isa = PBXFileReference; lastKnownFileType = sourcecode.swift; path = TodoViewModelProtocol.swift; sourceTree = "<group>"; };
		D6094D7A2897FCB100A65EAD /* HomeViewController.swift */ = {isa = PBXFileReference; lastKnownFileType = sourcecode.swift; path = HomeViewController.swift; sourceTree = "<group>"; };
		D6094D7E28999FBC00A65EAD /* HomeTableView.swift */ = {isa = PBXFileReference; lastKnownFileType = sourcecode.swift; path = HomeTableView.swift; sourceTree = "<group>"; };
		D6094D802899AD3F00A65EAD /* IconWithDateView.swift */ = {isa = PBXFileReference; lastKnownFileType = sourcecode.swift; path = IconWithDateView.swift; sourceTree = "<group>"; };
		D6094D822899B02500A65EAD /* TaskCell.swift */ = {isa = PBXFileReference; lastKnownFileType = sourcecode.swift; path = TaskCell.swift; sourceTree = "<group>"; };
		D6094D862899B8B300A65EAD /* RadioButtonView.swift */ = {isa = PBXFileReference; lastKnownFileType = sourcecode.swift; path = RadioButtonView.swift; sourceTree = "<group>"; };
		D6094D89289AD38900A65EAD /* TaskCellHeader.swift */ = {isa = PBXFileReference; lastKnownFileType = sourcecode.swift; path = TaskCellHeader.swift; sourceTree = "<group>"; };
		D628B6ED28A473F300B82570 /* DesignSystem.framework */ = {isa = PBXFileReference; explicitFileType = wrapper.framework; path = DesignSystem.framework; sourceTree = BUILT_PRODUCTS_DIR; };
		D628B71B28A69B9C00B82570 /* NetworkService.swift */ = {isa = PBXFileReference; lastKnownFileType = sourcecode.swift; path = NetworkService.swift; sourceTree = "<group>"; };
		D628B71D28A69BB800B82570 /* NetworkServiceProtocol.swift */ = {isa = PBXFileReference; lastKnownFileType = sourcecode.swift; path = NetworkServiceProtocol.swift; sourceTree = "<group>"; };
		D628B71F28A69C8B00B82570 /* MockNetworkService.swift */ = {isa = PBXFileReference; lastKnownFileType = sourcecode.swift; path = MockNetworkService.swift; sourceTree = "<group>"; };
		D6445888289EEF5D00B7DCE4 /* HomeViewModelDelegate.swift */ = {isa = PBXFileReference; lastKnownFileType = sourcecode.swift; path = HomeViewModelDelegate.swift; sourceTree = "<group>"; };
		D64DC7EA2891954A003EAE48 /* YandexHomework.app */ = {isa = PBXFileReference; explicitFileType = wrapper.application; includeInIndex = 0; path = YandexHomework.app; sourceTree = BUILT_PRODUCTS_DIR; };
		D64DC7ED2891954A003EAE48 /* AppDelegate.swift */ = {isa = PBXFileReference; lastKnownFileType = sourcecode.swift; path = AppDelegate.swift; sourceTree = "<group>"; };
		D64DC7EF2891954A003EAE48 /* SceneDelegate.swift */ = {isa = PBXFileReference; lastKnownFileType = sourcecode.swift; path = SceneDelegate.swift; sourceTree = "<group>"; };
		D64DC7F62891954C003EAE48 /* Assets.xcassets */ = {isa = PBXFileReference; lastKnownFileType = folder.assetcatalog; path = Assets.xcassets; sourceTree = "<group>"; };
		D64DC7FB2891954C003EAE48 /* Info.plist */ = {isa = PBXFileReference; lastKnownFileType = text.plist.xml; path = Info.plist; sourceTree = "<group>"; };
		D64DC8002891954D003EAE48 /* YandexHomeworkTests.xctest */ = {isa = PBXFileReference; explicitFileType = wrapper.cfbundle; includeInIndex = 0; path = YandexHomeworkTests.xctest; sourceTree = BUILT_PRODUCTS_DIR; };
		D64DC80A2891954D003EAE48 /* YandexHomeworkUITests.xctest */ = {isa = PBXFileReference; explicitFileType = wrapper.cfbundle; includeInIndex = 0; path = YandexHomeworkUITests.xctest; sourceTree = BUILT_PRODUCTS_DIR; };
		D64DC80E2891954D003EAE48 /* YandexHomeworkUITests.swift */ = {isa = PBXFileReference; lastKnownFileType = sourcecode.swift; path = YandexHomeworkUITests.swift; sourceTree = "<group>"; };
		D64DC8102891954D003EAE48 /* YandexHomeworkUITestsLaunchTests.swift */ = {isa = PBXFileReference; lastKnownFileType = sourcecode.swift; path = YandexHomeworkUITestsLaunchTests.swift; sourceTree = "<group>"; };
		D64DC8212891975F003EAE48 /* FileCacheServiceProtocol.swift */ = {isa = PBXFileReference; lastKnownFileType = sourcecode.swift; path = FileCacheServiceProtocol.swift; sourceTree = "<group>"; };
		D64DC82328919771003EAE48 /* FileCache.swift */ = {isa = PBXFileReference; lastKnownFileType = sourcecode.swift; path = FileCache.swift; sourceTree = "<group>"; };
		D64DC8252891978C003EAE48 /* FileCacheError.swift */ = {isa = PBXFileReference; lastKnownFileType = sourcecode.swift; path = FileCacheError.swift; sourceTree = "<group>"; };
		D64DC827289197A2003EAE48 /* TodoItem.swift */ = {isa = PBXFileReference; lastKnownFileType = sourcecode.swift; path = TodoItem.swift; sourceTree = "<group>"; };
		D64DC829289197B9003EAE48 /* FileCacheTests.swift */ = {isa = PBXFileReference; lastKnownFileType = sourcecode.swift; path = FileCacheTests.swift; sourceTree = "<group>"; };
		D64DC82B289197DE003EAE48 /* TodoItemTests.swift */ = {isa = PBXFileReference; lastKnownFileType = sourcecode.swift; path = TodoItemTests.swift; sourceTree = "<group>"; };
		D64DC82D2891CBFB003EAE48 /* TodoModalViewController.swift */ = {isa = PBXFileReference; lastKnownFileType = sourcecode.swift; path = TodoModalViewController.swift; sourceTree = "<group>"; };
		D64DC83828927A97003EAE48 /* ImportancyView.swift */ = {isa = PBXFileReference; lastKnownFileType = sourcecode.swift; path = ImportancyView.swift; sourceTree = "<group>"; };
		D64DC83C28930A6D003EAE48 /* DeadlineView.swift */ = {isa = PBXFileReference; lastKnownFileType = sourcecode.swift; path = DeadlineView.swift; sourceTree = "<group>"; };
		D64DC8412893F2C6003EAE48 /* Date+Extension.swift */ = {isa = PBXFileReference; lastKnownFileType = sourcecode.swift; path = "Date+Extension.swift"; sourceTree = "<group>"; };
		D6F4C5A0289BCD82007FF13A /* HomeViewModel.swift */ = {isa = PBXFileReference; lastKnownFileType = sourcecode.swift; path = HomeViewModel.swift; sourceTree = "<group>"; };
		D6F4C5A2289BD1F2007FF13A /* HomeViewModelProtocol.swift */ = {isa = PBXFileReference; lastKnownFileType = sourcecode.swift; path = HomeViewModelProtocol.swift; sourceTree = "<group>"; };
		D6F4C5A4289C4FF1007FF13A /* TodoViewState.swift */ = {isa = PBXFileReference; lastKnownFileType = sourcecode.swift; path = TodoViewState.swift; sourceTree = "<group>"; };
		D6F4C5A6289D4871007FF13A /* HomeViewControllerProtocol.swift */ = {isa = PBXFileReference; lastKnownFileType = sourcecode.swift; path = HomeViewControllerProtocol.swift; sourceTree = "<group>"; };
		D6F4C5A8289DB21F007FF13A /* TaskInputCell.swift */ = {isa = PBXFileReference; lastKnownFileType = sourcecode.swift; path = TaskInputCell.swift; sourceTree = "<group>"; };
		D89DA2E457EDC14B6B64E3F0 /* Pods-YandexHomework.release.xcconfig */ = {isa = PBXFileReference; includeInIndex = 1; lastKnownFileType = text.xcconfig; name = "Pods-YandexHomework.release.xcconfig"; path = "Target Support Files/Pods-YandexHomework/Pods-YandexHomework.release.xcconfig"; sourceTree = "<group>"; };
		E7AFC2818736411E5BB9AA5B /* Pods-YandexHomeworkTests.debug.xcconfig */ = {isa = PBXFileReference; includeInIndex = 1; lastKnownFileType = text.xcconfig; name = "Pods-YandexHomeworkTests.debug.xcconfig"; path = "Target Support Files/Pods-YandexHomeworkTests/Pods-YandexHomeworkTests.debug.xcconfig"; sourceTree = "<group>"; };
		F3790C8D05DDE4E09C5A179F /* Pods-YandexHomework-YandexHomeworkUITests.release.xcconfig */ = {isa = PBXFileReference; includeInIndex = 1; lastKnownFileType = text.xcconfig; name = "Pods-YandexHomework-YandexHomeworkUITests.release.xcconfig"; path = "Target Support Files/Pods-YandexHomework-YandexHomeworkUITests/Pods-YandexHomework-YandexHomeworkUITests.release.xcconfig"; sourceTree = "<group>"; };
		F8BB8ECA426C0E325C673151 /* Pods_YandexHomework_YandexHomeworkUITests.framework */ = {isa = PBXFileReference; explicitFileType = wrapper.framework; includeInIndex = 0; path = Pods_YandexHomework_YandexHomeworkUITests.framework; sourceTree = BUILT_PRODUCTS_DIR; };
/* End PBXFileReference section */

/* Begin PBXFrameworksBuildPhase section */
		D64DC7E72891954A003EAE48 /* Frameworks */ = {
			isa = PBXFrameworksBuildPhase;
			buildActionMask = 2147483647;
			files = (
				D628B6EA28A473C800B82570 /* Pods_YandexHomework.framework in Frameworks */,
			);
			runOnlyForDeploymentPostprocessing = 0;
		};
		D64DC7FD2891954D003EAE48 /* Frameworks */ = {
			isa = PBXFrameworksBuildPhase;
			buildActionMask = 2147483647;
			files = (
				0599646DE6EDBF824D2EE68B /* Pods_YandexHomeworkTests.framework in Frameworks */,
			);
			runOnlyForDeploymentPostprocessing = 0;
		};
		D64DC8072891954D003EAE48 /* Frameworks */ = {
			isa = PBXFrameworksBuildPhase;
			buildActionMask = 2147483647;
			files = (
				6859409F163755AB49A5ED70 /* Pods_YandexHomework_YandexHomeworkUITests.framework in Frameworks */,
			);
			runOnlyForDeploymentPostprocessing = 0;
		};
/* End PBXFrameworksBuildPhase section */

/* Begin PBXGroup section */
		1CA0204D682A4A381D6D8D20 /* Pods */ = {
			isa = PBXGroup;
			children = (
				8F17A7FF3D627513B05DBB84 /* Pods-YandexHomework.debug.xcconfig */,
				D89DA2E457EDC14B6B64E3F0 /* Pods-YandexHomework.release.xcconfig */,
				799C2D090CEEC3AC4124305E /* Pods-YandexHomework-YandexHomeworkUITests.debug.xcconfig */,
				F3790C8D05DDE4E09C5A179F /* Pods-YandexHomework-YandexHomeworkUITests.release.xcconfig */,
				E7AFC2818736411E5BB9AA5B /* Pods-YandexHomeworkTests.debug.xcconfig */,
				593376DDC4EAFCA7EC6A8D83 /* Pods-YandexHomeworkTests.release.xcconfig */,
			);
			path = Pods;
			sourceTree = "<group>";
		};
		CECF6C8E1CC91CE7D59F260C /* Frameworks */ = {
			isa = PBXGroup;
			children = (
				D628B6ED28A473F300B82570 /* DesignSystem.framework */,
				902674455B43D48C37BA5731 /* Pods_YandexHomework.framework */,
				F8BB8ECA426C0E325C673151 /* Pods_YandexHomework_YandexHomeworkUITests.framework */,
				481FEAD2DEA8EE0379716071 /* Pods_YandexHomeworkTests.framework */,
			);
			name = Frameworks;
			sourceTree = "<group>";
		};
		D6094D77289705AE00A65EAD /* ViewModel */ = {
			isa = PBXGroup;
			children = (
				D6094D752897059E00A65EAD /* TodoViewModelProtocol.swift */,
				D6094D732896EF4600A65EAD /* TodoViewModel.swift */,
			);
			name = ViewModel;
			sourceTree = "<group>";
		};
		D6094D88289A704300A65EAD /* Home */ = {
			isa = PBXGroup;
			children = (
				D6F4C5AA289DB3AF007FF13A /* Cells */,
				D6F4C59F289BCD71007FF13A /* ViewModel */,
				D6F4C5A6289D4871007FF13A /* HomeViewControllerProtocol.swift */,
				D6094D7A2897FCB100A65EAD /* HomeViewController.swift */,
				D6094D7E28999FBC00A65EAD /* HomeTableView.swift */,
			);
			name = Home;
			sourceTree = "<group>";
		};
		D628B71A28A69B8B00B82570 /* Network */ = {
			isa = PBXGroup;
			children = (
				D628B71D28A69BB800B82570 /* NetworkServiceProtocol.swift */,
				D628B71B28A69B9C00B82570 /* NetworkService.swift */,
				D628B71F28A69C8B00B82570 /* MockNetworkService.swift */,
			);
			name = Network;
			sourceTree = "<group>";
		};
		D646CDCD28A1D38000721960 /* Modal */ = {
			isa = PBXGroup;
			children = (
				D6094D77289705AE00A65EAD /* ViewModel */,
				D64DC82D2891CBFB003EAE48 /* TodoModalViewController.swift */,
				D64DC83828927A97003EAE48 /* ImportancyView.swift */,
				D64DC83C28930A6D003EAE48 /* DeadlineView.swift */,
			);
			name = Modal;
			sourceTree = "<group>";
		};
		D64DC7E128919549003EAE48 = {
			isa = PBXGroup;
			children = (
				D64DC7EC2891954A003EAE48 /* YandexHomework */,
				D64DC8032891954D003EAE48 /* YandexHomeworkTests */,
				D64DC80D2891954D003EAE48 /* YandexHomeworkUITests */,
				D64DC7EB2891954A003EAE48 /* Products */,
				1CA0204D682A4A381D6D8D20 /* Pods */,
				CECF6C8E1CC91CE7D59F260C /* Frameworks */,
			);
			sourceTree = "<group>";
		};
		D64DC7EB2891954A003EAE48 /* Products */ = {
			isa = PBXGroup;
			children = (
				D64DC7EA2891954A003EAE48 /* YandexHomework.app */,
				D64DC8002891954D003EAE48 /* YandexHomeworkTests.xctest */,
				D64DC80A2891954D003EAE48 /* YandexHomeworkUITests.xctest */,
			);
			name = Products;
			sourceTree = "<group>";
		};
		D64DC7EC2891954A003EAE48 /* YandexHomework */ = {
			isa = PBXGroup;
			children = (
				D64DC8402893F2B6003EAE48 /* Extensions */,
				D64DC83128926412003EAE48 /* Design System */,
				D64DC81F2891971D003EAE48 /* View */,
				D64DC81E28919714003EAE48 /* Models */,
				D64DC81D2891970D003EAE48 /* Services */,
				D64DC7ED2891954A003EAE48 /* AppDelegate.swift */,
				D64DC7EF2891954A003EAE48 /* SceneDelegate.swift */,
				D64DC7F62891954C003EAE48 /* Assets.xcassets */,
				D64DC7FB2891954C003EAE48 /* Info.plist */,
			);
			path = YandexHomework;
			sourceTree = "<group>";
		};
		D64DC8032891954D003EAE48 /* YandexHomeworkTests */ = {
			isa = PBXGroup;
			children = (
				D64DC829289197B9003EAE48 /* FileCacheTests.swift */,
				D64DC82B289197DE003EAE48 /* TodoItemTests.swift */,
			);
			path = YandexHomeworkTests;
			sourceTree = "<group>";
		};
		D64DC80D2891954D003EAE48 /* YandexHomeworkUITests */ = {
			isa = PBXGroup;
			children = (
				D64DC80E2891954D003EAE48 /* YandexHomeworkUITests.swift */,
				D64DC8102891954D003EAE48 /* YandexHomeworkUITestsLaunchTests.swift */,
			);
			path = YandexHomeworkUITests;
			sourceTree = "<group>";
		};
		D64DC81D2891970D003EAE48 /* Services */ = {
			isa = PBXGroup;
			children = (
				D628B71A28A69B8B00B82570 /* Network */,
				D64DC82028919723003EAE48 /* FileCache */,
			);
			name = Services;
			sourceTree = "<group>";
		};
		D64DC81E28919714003EAE48 /* Models */ = {
			isa = PBXGroup;
			children = (
				D64DC827289197A2003EAE48 /* TodoItem.swift */,
				D6F4C5A4289C4FF1007FF13A /* TodoViewState.swift */,
			);
			name = Models;
			sourceTree = "<group>";
		};
		D64DC81F2891971D003EAE48 /* View */ = {
			isa = PBXGroup;
			children = (
				D6094D88289A704300A65EAD /* Home */,
				D646CDCD28A1D38000721960 /* Modal */,
			);
			name = View;
			sourceTree = "<group>";
		};
		D64DC82028919723003EAE48 /* FileCache */ = {
			isa = PBXGroup;
			children = (
				D64DC8212891975F003EAE48 /* FileCacheServiceProtocol.swift */,
				D64DC82328919771003EAE48 /* FileCache.swift */,
				D64DC8252891978C003EAE48 /* FileCacheError.swift */,
			);
			name = FileCache;
			sourceTree = "<group>";
		};
		D64DC83128926412003EAE48 /* Design System */ = {
			isa = PBXGroup;
			children = (
				D6094D802899AD3F00A65EAD /* IconWithDateView.swift */,
				D6094D862899B8B300A65EAD /* RadioButtonView.swift */,
			);
			name = "Design System";
			sourceTree = "<group>";
		};
		D64DC8402893F2B6003EAE48 /* Extensions */ = {
			isa = PBXGroup;
			children = (
				D64DC8412893F2C6003EAE48 /* Date+Extension.swift */,
			);
			name = Extensions;
			sourceTree = "<group>";
		};
		D6F4C59F289BCD71007FF13A /* ViewModel */ = {
			isa = PBXGroup;
			children = (
				D6F4C5A2289BD1F2007FF13A /* HomeViewModelProtocol.swift */,
				D6445888289EEF5D00B7DCE4 /* HomeViewModelDelegate.swift */,
				D6F4C5A0289BCD82007FF13A /* HomeViewModel.swift */,
			);
			name = ViewModel;
			sourceTree = "<group>";
		};
		D6F4C5AA289DB3AF007FF13A /* Cells */ = {
			isa = PBXGroup;
			children = (
				D6094D822899B02500A65EAD /* TaskCell.swift */,
				D6F4C5A8289DB21F007FF13A /* TaskInputCell.swift */,
				D6094D89289AD38900A65EAD /* TaskCellHeader.swift */,
			);
			name = Cells;
			sourceTree = "<group>";
		};
/* End PBXGroup section */

/* Begin PBXNativeTarget section */
		D64DC7E92891954A003EAE48 /* YandexHomework */ = {
			isa = PBXNativeTarget;
			buildConfigurationList = D64DC8142891954D003EAE48 /* Build configuration list for PBXNativeTarget "YandexHomework" */;
			buildPhases = (
				59677DAADBAF176879BFDD2A /* [CP] Check Pods Manifest.lock */,
				D64DC7E62891954A003EAE48 /* Sources */,
				D64DC7E72891954A003EAE48 /* Frameworks */,
				D64DC7E82891954A003EAE48 /* Resources */,
				2A8D82A8A43933EB9D676390 /* [CP] Embed Pods Frameworks */,
				D628B6DB28A3256600B82570 /* ShellScript */,
			);
			buildRules = (
			);
			dependencies = (
			);
			name = YandexHomework;
			productName = YandexHomework;
			productReference = D64DC7EA2891954A003EAE48 /* YandexHomework.app */;
			productType = "com.apple.product-type.application";
		};
		D64DC7FF2891954D003EAE48 /* YandexHomeworkTests */ = {
			isa = PBXNativeTarget;
			buildConfigurationList = D64DC8172891954D003EAE48 /* Build configuration list for PBXNativeTarget "YandexHomeworkTests" */;
			buildPhases = (
				F54C6D280D00FAA453F32938 /* [CP] Check Pods Manifest.lock */,
				D64DC7FC2891954D003EAE48 /* Sources */,
				D64DC7FD2891954D003EAE48 /* Frameworks */,
				D64DC7FE2891954D003EAE48 /* Resources */,
			);
			buildRules = (
			);
			dependencies = (
				D64DC8022891954D003EAE48 /* PBXTargetDependency */,
			);
			name = YandexHomeworkTests;
			productName = YandexHomeworkTests;
			productReference = D64DC8002891954D003EAE48 /* YandexHomeworkTests.xctest */;
			productType = "com.apple.product-type.bundle.unit-test";
		};
		D64DC8092891954D003EAE48 /* YandexHomeworkUITests */ = {
			isa = PBXNativeTarget;
			buildConfigurationList = D64DC81A2891954D003EAE48 /* Build configuration list for PBXNativeTarget "YandexHomeworkUITests" */;
			buildPhases = (
				B905DF547982A0AB4CE32449 /* [CP] Check Pods Manifest.lock */,
				D64DC8062891954D003EAE48 /* Sources */,
				D64DC8072891954D003EAE48 /* Frameworks */,
				D64DC8082891954D003EAE48 /* Resources */,
				7DB0D2ABED8FF644619C2DFA /* [CP] Embed Pods Frameworks */,
			);
			buildRules = (
			);
			dependencies = (
				D64DC80C2891954D003EAE48 /* PBXTargetDependency */,
			);
			name = YandexHomeworkUITests;
			productName = YandexHomeworkUITests;
			productReference = D64DC80A2891954D003EAE48 /* YandexHomeworkUITests.xctest */;
			productType = "com.apple.product-type.bundle.ui-testing";
		};
/* End PBXNativeTarget section */

/* Begin PBXProject section */
		D64DC7E228919549003EAE48 /* Project object */ = {
			isa = PBXProject;
			attributes = {
				BuildIndependentTargetsInParallel = 1;
				LastSwiftUpdateCheck = 1340;
				LastUpgradeCheck = 1340;
				TargetAttributes = {
					D64DC7E92891954A003EAE48 = {
						CreatedOnToolsVersion = 13.4.1;
					};
					D64DC7FF2891954D003EAE48 = {
						CreatedOnToolsVersion = 13.4.1;
						TestTargetID = D64DC7E92891954A003EAE48;
					};
					D64DC8092891954D003EAE48 = {
						CreatedOnToolsVersion = 13.4.1;
						TestTargetID = D64DC7E92891954A003EAE48;
					};
				};
			};
			buildConfigurationList = D64DC7E528919549003EAE48 /* Build configuration list for PBXProject "YandexHomework" */;
			compatibilityVersion = "Xcode 13.0";
			developmentRegion = en;
			hasScannedForEncodings = 0;
			knownRegions = (
				en,
				Base,
			);
			mainGroup = D64DC7E128919549003EAE48;
			productRefGroup = D64DC7EB2891954A003EAE48 /* Products */;
			projectDirPath = "";
			projectRoot = "";
			targets = (
				D64DC7E92891954A003EAE48 /* YandexHomework */,
				D64DC7FF2891954D003EAE48 /* YandexHomeworkTests */,
				D64DC8092891954D003EAE48 /* YandexHomeworkUITests */,
			);
		};
/* End PBXProject section */

/* Begin PBXResourcesBuildPhase section */
		D64DC7E82891954A003EAE48 /* Resources */ = {
			isa = PBXResourcesBuildPhase;
			buildActionMask = 2147483647;
			files = (
				D64DC7F72891954C003EAE48 /* Assets.xcassets in Resources */,
			);
			runOnlyForDeploymentPostprocessing = 0;
		};
		D64DC7FE2891954D003EAE48 /* Resources */ = {
			isa = PBXResourcesBuildPhase;
			buildActionMask = 2147483647;
			files = (
			);
			runOnlyForDeploymentPostprocessing = 0;
		};
		D64DC8082891954D003EAE48 /* Resources */ = {
			isa = PBXResourcesBuildPhase;
			buildActionMask = 2147483647;
			files = (
			);
			runOnlyForDeploymentPostprocessing = 0;
		};
/* End PBXResourcesBuildPhase section */

/* Begin PBXShellScriptBuildPhase section */
		2A8D82A8A43933EB9D676390 /* [CP] Embed Pods Frameworks */ = {
			isa = PBXShellScriptBuildPhase;
			buildActionMask = 2147483647;
			files = (
			);
			inputFileListPaths = (
				"${PODS_ROOT}/Target Support Files/Pods-YandexHomework/Pods-YandexHomework-frameworks-${CONFIGURATION}-input-files.xcfilelist",
			);
			name = "[CP] Embed Pods Frameworks";
			outputFileListPaths = (
				"${PODS_ROOT}/Target Support Files/Pods-YandexHomework/Pods-YandexHomework-frameworks-${CONFIGURATION}-output-files.xcfilelist",
			);
			runOnlyForDeploymentPostprocessing = 0;
			shellPath = /bin/sh;
			shellScript = "\"${PODS_ROOT}/Target Support Files/Pods-YandexHomework/Pods-YandexHomework-frameworks.sh\"\n";
			showEnvVarsInLog = 0;
		};
		59677DAADBAF176879BFDD2A /* [CP] Check Pods Manifest.lock */ = {
			isa = PBXShellScriptBuildPhase;
			buildActionMask = 2147483647;
			files = (
			);
			inputFileListPaths = (
			);
			inputPaths = (
				"${PODS_PODFILE_DIR_PATH}/Podfile.lock",
				"${PODS_ROOT}/Manifest.lock",
			);
			name = "[CP] Check Pods Manifest.lock";
			outputFileListPaths = (
			);
			outputPaths = (
				"$(DERIVED_FILE_DIR)/Pods-YandexHomework-checkManifestLockResult.txt",
			);
			runOnlyForDeploymentPostprocessing = 0;
			shellPath = /bin/sh;
			shellScript = "diff \"${PODS_PODFILE_DIR_PATH}/Podfile.lock\" \"${PODS_ROOT}/Manifest.lock\" > /dev/null\nif [ $? != 0 ] ; then\n    # print error to STDERR\n    echo \"error: The sandbox is not in sync with the Podfile.lock. Run 'pod install' or update your CocoaPods installation.\" >&2\n    exit 1\nfi\n# This output is used by Xcode 'outputs' to avoid re-running this script phase.\necho \"SUCCESS\" > \"${SCRIPT_OUTPUT_FILE_0}\"\n";
			showEnvVarsInLog = 0;
		};
		7DB0D2ABED8FF644619C2DFA /* [CP] Embed Pods Frameworks */ = {
			isa = PBXShellScriptBuildPhase;
			buildActionMask = 2147483647;
			files = (
			);
			inputFileListPaths = (
				"${PODS_ROOT}/Target Support Files/Pods-YandexHomework-YandexHomeworkUITests/Pods-YandexHomework-YandexHomeworkUITests-frameworks-${CONFIGURATION}-input-files.xcfilelist",
			);
			name = "[CP] Embed Pods Frameworks";
			outputFileListPaths = (
				"${PODS_ROOT}/Target Support Files/Pods-YandexHomework-YandexHomeworkUITests/Pods-YandexHomework-YandexHomeworkUITests-frameworks-${CONFIGURATION}-output-files.xcfilelist",
			);
			runOnlyForDeploymentPostprocessing = 0;
			shellPath = /bin/sh;
			shellScript = "\"${PODS_ROOT}/Target Support Files/Pods-YandexHomework-YandexHomeworkUITests/Pods-YandexHomework-YandexHomeworkUITests-frameworks.sh\"\n";
			showEnvVarsInLog = 0;
		};
		B905DF547982A0AB4CE32449 /* [CP] Check Pods Manifest.lock */ = {
			isa = PBXShellScriptBuildPhase;
			buildActionMask = 2147483647;
			files = (
			);
			inputFileListPaths = (
			);
			inputPaths = (
				"${PODS_PODFILE_DIR_PATH}/Podfile.lock",
				"${PODS_ROOT}/Manifest.lock",
			);
			name = "[CP] Check Pods Manifest.lock";
			outputFileListPaths = (
			);
			outputPaths = (
				"$(DERIVED_FILE_DIR)/Pods-YandexHomework-YandexHomeworkUITests-checkManifestLockResult.txt",
			);
			runOnlyForDeploymentPostprocessing = 0;
			shellPath = /bin/sh;
			shellScript = "diff \"${PODS_PODFILE_DIR_PATH}/Podfile.lock\" \"${PODS_ROOT}/Manifest.lock\" > /dev/null\nif [ $? != 0 ] ; then\n    # print error to STDERR\n    echo \"error: The sandbox is not in sync with the Podfile.lock. Run 'pod install' or update your CocoaPods installation.\" >&2\n    exit 1\nfi\n# This output is used by Xcode 'outputs' to avoid re-running this script phase.\necho \"SUCCESS\" > \"${SCRIPT_OUTPUT_FILE_0}\"\n";
			showEnvVarsInLog = 0;
		};
		D628B6DB28A3256600B82570 /* ShellScript */ = {
			isa = PBXShellScriptBuildPhase;
			buildActionMask = 2147483647;
			files = (
			);
			inputFileListPaths = (
			);
			inputPaths = (
			);
			outputFileListPaths = (
			);
			outputPaths = (
			);
			runOnlyForDeploymentPostprocessing = 0;
			shellPath = /bin/sh;
			shellScript = "# Type a script or drag a script file from your workspace to insert its path.\nif which \"${PODS_ROOT}/SwiftLint/swiftlint\" >/dev/null; then\n    ${PODS_ROOT}/SwiftLint/swiftlint autocorrect && ${PODS_ROOT}/SwiftLint/swiftlint --config .swiftlint.yml\nelse\n    echo \"warning: SwiftLint not installed, download from https://github.com/realm/SwiftLint\"\nfi\n";
		};
		F54C6D280D00FAA453F32938 /* [CP] Check Pods Manifest.lock */ = {
			isa = PBXShellScriptBuildPhase;
			buildActionMask = 2147483647;
			files = (
			);
			inputFileListPaths = (
			);
			inputPaths = (
				"${PODS_PODFILE_DIR_PATH}/Podfile.lock",
				"${PODS_ROOT}/Manifest.lock",
			);
			name = "[CP] Check Pods Manifest.lock";
			outputFileListPaths = (
			);
			outputPaths = (
				"$(DERIVED_FILE_DIR)/Pods-YandexHomeworkTests-checkManifestLockResult.txt",
			);
			runOnlyForDeploymentPostprocessing = 0;
			shellPath = /bin/sh;
			shellScript = "diff \"${PODS_PODFILE_DIR_PATH}/Podfile.lock\" \"${PODS_ROOT}/Manifest.lock\" > /dev/null\nif [ $? != 0 ] ; then\n    # print error to STDERR\n    echo \"error: The sandbox is not in sync with the Podfile.lock. Run 'pod install' or update your CocoaPods installation.\" >&2\n    exit 1\nfi\n# This output is used by Xcode 'outputs' to avoid re-running this script phase.\necho \"SUCCESS\" > \"${SCRIPT_OUTPUT_FILE_0}\"\n";
			showEnvVarsInLog = 0;
		};
/* End PBXShellScriptBuildPhase section */

/* Begin PBXSourcesBuildPhase section */
		D64DC7E62891954A003EAE48 /* Sources */ = {
			isa = PBXSourcesBuildPhase;
			buildActionMask = 2147483647;
			files = (
				D6094D7F28999FBD00A65EAD /* HomeTableView.swift in Sources */,
				D6F4C5A1289BCD82007FF13A /* HomeViewModel.swift in Sources */,
				D64DC828289197A2003EAE48 /* TodoItem.swift in Sources */,
				D64DC8222891975F003EAE48 /* FileCacheServiceProtocol.swift in Sources */,
				D64DC8422893F2C7003EAE48 /* Date+Extension.swift in Sources */,
				D6094D832899B02500A65EAD /* TaskCell.swift in Sources */,
				D64DC82E2891CBFB003EAE48 /* TodoModalViewController.swift in Sources */,
				D628B72028A69C8B00B82570 /* MockNetworkService.swift in Sources */,
				D6F4C5A5289C4FF1007FF13A /* TodoViewState.swift in Sources */,
				D6094D8A289AD38900A65EAD /* TaskCellHeader.swift in Sources */,
				D64DC83D28930A6D003EAE48 /* DeadlineView.swift in Sources */,
				D6445889289EEF5D00B7DCE4 /* HomeViewModelDelegate.swift in Sources */,
				D6094D812899AD3F00A65EAD /* IconWithDateView.swift in Sources */,
				D6F4C5A7289D4871007FF13A /* HomeViewControllerProtocol.swift in Sources */,
				D6094D7B2897FCB200A65EAD /* HomeViewController.swift in Sources */,
				D6F4C5A9289DB21F007FF13A /* TaskInputCell.swift in Sources */,
				D64DC7EE2891954A003EAE48 /* AppDelegate.swift in Sources */,
				D64DC8262891978C003EAE48 /* FileCacheError.swift in Sources */,
				D6094D762897059E00A65EAD /* TodoViewModelProtocol.swift in Sources */,
				D64DC83928927A97003EAE48 /* ImportancyView.swift in Sources */,
				D64DC82428919771003EAE48 /* FileCache.swift in Sources */,
				D6094D742896EF4600A65EAD /* TodoViewModel.swift in Sources */,
				D6094D872899B8B300A65EAD /* RadioButtonView.swift in Sources */,
				D628B71E28A69BB800B82570 /* NetworkServiceProtocol.swift in Sources */,
				D64DC7F02891954A003EAE48 /* SceneDelegate.swift in Sources */,
				D628B71C28A69B9C00B82570 /* NetworkService.swift in Sources */,
				D6F4C5A3289BD1F2007FF13A /* HomeViewModelProtocol.swift in Sources */,
			);
			runOnlyForDeploymentPostprocessing = 0;
		};
		D64DC7FC2891954D003EAE48 /* Sources */ = {
			isa = PBXSourcesBuildPhase;
			buildActionMask = 2147483647;
			files = (
				D64DC82A289197B9003EAE48 /* FileCacheTests.swift in Sources */,
				D64DC82C289197DE003EAE48 /* TodoItemTests.swift in Sources */,
			);
			runOnlyForDeploymentPostprocessing = 0;
		};
		D64DC8062891954D003EAE48 /* Sources */ = {
			isa = PBXSourcesBuildPhase;
			buildActionMask = 2147483647;
			files = (
				D64DC80F2891954D003EAE48 /* YandexHomeworkUITests.swift in Sources */,
				D64DC8112891954D003EAE48 /* YandexHomeworkUITestsLaunchTests.swift in Sources */,
			);
			runOnlyForDeploymentPostprocessing = 0;
		};
/* End PBXSourcesBuildPhase section */

/* Begin PBXTargetDependency section */
		D64DC8022891954D003EAE48 /* PBXTargetDependency */ = {
			isa = PBXTargetDependency;
			target = D64DC7E92891954A003EAE48 /* YandexHomework */;
			targetProxy = D64DC8012891954D003EAE48 /* PBXContainerItemProxy */;
		};
		D64DC80C2891954D003EAE48 /* PBXTargetDependency */ = {
			isa = PBXTargetDependency;
			target = D64DC7E92891954A003EAE48 /* YandexHomework */;
			targetProxy = D64DC80B2891954D003EAE48 /* PBXContainerItemProxy */;
		};
/* End PBXTargetDependency section */

/* Begin XCBuildConfiguration section */
		D64DC8122891954D003EAE48 /* Debug */ = {
			isa = XCBuildConfiguration;
			buildSettings = {
				ALWAYS_SEARCH_USER_PATHS = NO;
				CLANG_ANALYZER_NONNULL = YES;
				CLANG_ANALYZER_NUMBER_OBJECT_CONVERSION = YES_AGGRESSIVE;
				CLANG_CXX_LANGUAGE_STANDARD = "gnu++17";
				CLANG_ENABLE_MODULES = YES;
				CLANG_ENABLE_OBJC_ARC = YES;
				CLANG_ENABLE_OBJC_WEAK = YES;
				CLANG_WARN_BLOCK_CAPTURE_AUTORELEASING = YES;
				CLANG_WARN_BOOL_CONVERSION = YES;
				CLANG_WARN_COMMA = YES;
				CLANG_WARN_CONSTANT_CONVERSION = YES;
				CLANG_WARN_DEPRECATED_OBJC_IMPLEMENTATIONS = YES;
				CLANG_WARN_DIRECT_OBJC_ISA_USAGE = YES_ERROR;
				CLANG_WARN_DOCUMENTATION_COMMENTS = YES;
				CLANG_WARN_EMPTY_BODY = YES;
				CLANG_WARN_ENUM_CONVERSION = YES;
				CLANG_WARN_INFINITE_RECURSION = YES;
				CLANG_WARN_INT_CONVERSION = YES;
				CLANG_WARN_NON_LITERAL_NULL_CONVERSION = YES;
				CLANG_WARN_OBJC_IMPLICIT_RETAIN_SELF = YES;
				CLANG_WARN_OBJC_LITERAL_CONVERSION = YES;
				CLANG_WARN_OBJC_ROOT_CLASS = YES_ERROR;
				CLANG_WARN_QUOTED_INCLUDE_IN_FRAMEWORK_HEADER = YES;
				CLANG_WARN_RANGE_LOOP_ANALYSIS = YES;
				CLANG_WARN_STRICT_PROTOTYPES = YES;
				CLANG_WARN_SUSPICIOUS_MOVE = YES;
				CLANG_WARN_UNGUARDED_AVAILABILITY = YES_AGGRESSIVE;
				CLANG_WARN_UNREACHABLE_CODE = YES;
				CLANG_WARN__DUPLICATE_METHOD_MATCH = YES;
				COPY_PHASE_STRIP = NO;
				DEBUG_INFORMATION_FORMAT = dwarf;
				ENABLE_STRICT_OBJC_MSGSEND = YES;
				ENABLE_TESTABILITY = YES;
				GCC_C_LANGUAGE_STANDARD = gnu11;
				GCC_DYNAMIC_NO_PIC = NO;
				GCC_NO_COMMON_BLOCKS = YES;
				GCC_OPTIMIZATION_LEVEL = 0;
				GCC_PREPROCESSOR_DEFINITIONS = (
					"DEBUG=1",
					"$(inherited)",
				);
				GCC_WARN_64_TO_32_BIT_CONVERSION = YES;
				GCC_WARN_ABOUT_RETURN_TYPE = YES_ERROR;
				GCC_WARN_UNDECLARED_SELECTOR = YES;
				GCC_WARN_UNINITIALIZED_AUTOS = YES_AGGRESSIVE;
				GCC_WARN_UNUSED_FUNCTION = YES;
				GCC_WARN_UNUSED_VARIABLE = YES;
				IPHONEOS_DEPLOYMENT_TARGET = 15.5;
				MTL_ENABLE_DEBUG_INFO = INCLUDE_SOURCE;
				MTL_FAST_MATH = YES;
				ONLY_ACTIVE_ARCH = YES;
				SDKROOT = iphoneos;
				SWIFT_ACTIVE_COMPILATION_CONDITIONS = DEBUG;
				SWIFT_OPTIMIZATION_LEVEL = "-Onone";
			};
			name = Debug;
		};
		D64DC8132891954D003EAE48 /* Release */ = {
			isa = XCBuildConfiguration;
			buildSettings = {
				ALWAYS_SEARCH_USER_PATHS = NO;
				CLANG_ANALYZER_NONNULL = YES;
				CLANG_ANALYZER_NUMBER_OBJECT_CONVERSION = YES_AGGRESSIVE;
				CLANG_CXX_LANGUAGE_STANDARD = "gnu++17";
				CLANG_ENABLE_MODULES = YES;
				CLANG_ENABLE_OBJC_ARC = YES;
				CLANG_ENABLE_OBJC_WEAK = YES;
				CLANG_WARN_BLOCK_CAPTURE_AUTORELEASING = YES;
				CLANG_WARN_BOOL_CONVERSION = YES;
				CLANG_WARN_COMMA = YES;
				CLANG_WARN_CONSTANT_CONVERSION = YES;
				CLANG_WARN_DEPRECATED_OBJC_IMPLEMENTATIONS = YES;
				CLANG_WARN_DIRECT_OBJC_ISA_USAGE = YES_ERROR;
				CLANG_WARN_DOCUMENTATION_COMMENTS = YES;
				CLANG_WARN_EMPTY_BODY = YES;
				CLANG_WARN_ENUM_CONVERSION = YES;
				CLANG_WARN_INFINITE_RECURSION = YES;
				CLANG_WARN_INT_CONVERSION = YES;
				CLANG_WARN_NON_LITERAL_NULL_CONVERSION = YES;
				CLANG_WARN_OBJC_IMPLICIT_RETAIN_SELF = YES;
				CLANG_WARN_OBJC_LITERAL_CONVERSION = YES;
				CLANG_WARN_OBJC_ROOT_CLASS = YES_ERROR;
				CLANG_WARN_QUOTED_INCLUDE_IN_FRAMEWORK_HEADER = YES;
				CLANG_WARN_RANGE_LOOP_ANALYSIS = YES;
				CLANG_WARN_STRICT_PROTOTYPES = YES;
				CLANG_WARN_SUSPICIOUS_MOVE = YES;
				CLANG_WARN_UNGUARDED_AVAILABILITY = YES_AGGRESSIVE;
				CLANG_WARN_UNREACHABLE_CODE = YES;
				CLANG_WARN__DUPLICATE_METHOD_MATCH = YES;
				COPY_PHASE_STRIP = NO;
				DEBUG_INFORMATION_FORMAT = "dwarf-with-dsym";
				ENABLE_NS_ASSERTIONS = NO;
				ENABLE_STRICT_OBJC_MSGSEND = YES;
				GCC_C_LANGUAGE_STANDARD = gnu11;
				GCC_NO_COMMON_BLOCKS = YES;
				GCC_WARN_64_TO_32_BIT_CONVERSION = YES;
				GCC_WARN_ABOUT_RETURN_TYPE = YES_ERROR;
				GCC_WARN_UNDECLARED_SELECTOR = YES;
				GCC_WARN_UNINITIALIZED_AUTOS = YES_AGGRESSIVE;
				GCC_WARN_UNUSED_FUNCTION = YES;
				GCC_WARN_UNUSED_VARIABLE = YES;
				IPHONEOS_DEPLOYMENT_TARGET = 15.5;
				MTL_ENABLE_DEBUG_INFO = NO;
				MTL_FAST_MATH = YES;
				SDKROOT = iphoneos;
				SWIFT_COMPILATION_MODE = wholemodule;
				SWIFT_OPTIMIZATION_LEVEL = "-O";
				VALIDATE_PRODUCT = YES;
			};
			name = Release;
		};
		D64DC8152891954D003EAE48 /* Debug */ = {
			isa = XCBuildConfiguration;
			baseConfigurationReference = 8F17A7FF3D627513B05DBB84 /* Pods-YandexHomework.debug.xcconfig */;
			buildSettings = {
				ASSETCATALOG_COMPILER_APPICON_NAME = AppIcon;
				ASSETCATALOG_COMPILER_GLOBAL_ACCENT_COLOR_NAME = AccentColor;
				CODE_SIGN_STYLE = Automatic;
				CURRENT_PROJECT_VERSION = 1;
				DEVELOPMENT_TEAM = 754HVLWMVC;
				GENERATE_INFOPLIST_FILE = YES;
				INFOPLIST_FILE = YandexHomework/Info.plist;
				INFOPLIST_KEY_UIApplicationSupportsIndirectInputEvents = YES;
				INFOPLIST_KEY_UILaunchStoryboardName = "";
				INFOPLIST_KEY_UISupportedInterfaceOrientations_iPad = "UIInterfaceOrientationPortrait UIInterfaceOrientationPortraitUpsideDown UIInterfaceOrientationLandscapeLeft UIInterfaceOrientationLandscapeRight";
				INFOPLIST_KEY_UISupportedInterfaceOrientations_iPhone = "UIInterfaceOrientationPortrait UIInterfaceOrientationLandscapeLeft UIInterfaceOrientationLandscapeRight";
				LD_RUNPATH_SEARCH_PATHS = (
					"$(inherited)",
					"@executable_path/Frameworks",
				);
				MARKETING_VERSION = 1.0;
				PRODUCT_BUNDLE_IDENTIFIER = DF.YandexHomework;
				PRODUCT_NAME = "$(TARGET_NAME)";
				SWIFT_EMIT_LOC_STRINGS = YES;
				SWIFT_VERSION = 5.0;
				TARGETED_DEVICE_FAMILY = "1,2";
			};
			name = Debug;
		};
		D64DC8162891954D003EAE48 /* Release */ = {
			isa = XCBuildConfiguration;
			baseConfigurationReference = D89DA2E457EDC14B6B64E3F0 /* Pods-YandexHomework.release.xcconfig */;
			buildSettings = {
				ASSETCATALOG_COMPILER_APPICON_NAME = AppIcon;
				ASSETCATALOG_COMPILER_GLOBAL_ACCENT_COLOR_NAME = AccentColor;
				CODE_SIGN_STYLE = Automatic;
				CURRENT_PROJECT_VERSION = 1;
				DEVELOPMENT_TEAM = 754HVLWMVC;
				GENERATE_INFOPLIST_FILE = YES;
				INFOPLIST_FILE = YandexHomework/Info.plist;
				INFOPLIST_KEY_UIApplicationSupportsIndirectInputEvents = YES;
				INFOPLIST_KEY_UILaunchStoryboardName = "";
				INFOPLIST_KEY_UISupportedInterfaceOrientations_iPad = "UIInterfaceOrientationPortrait UIInterfaceOrientationPortraitUpsideDown UIInterfaceOrientationLandscapeLeft UIInterfaceOrientationLandscapeRight";
				INFOPLIST_KEY_UISupportedInterfaceOrientations_iPhone = "UIInterfaceOrientationPortrait UIInterfaceOrientationLandscapeLeft UIInterfaceOrientationLandscapeRight";
				LD_RUNPATH_SEARCH_PATHS = (
					"$(inherited)",
					"@executable_path/Frameworks",
				);
				MARKETING_VERSION = 1.0;
				PRODUCT_BUNDLE_IDENTIFIER = DF.YandexHomework;
				PRODUCT_NAME = "$(TARGET_NAME)";
				SWIFT_EMIT_LOC_STRINGS = YES;
				SWIFT_VERSION = 5.0;
				TARGETED_DEVICE_FAMILY = "1,2";
			};
			name = Release;
		};
		D64DC8182891954D003EAE48 /* Debug */ = {
			isa = XCBuildConfiguration;
			baseConfigurationReference = E7AFC2818736411E5BB9AA5B /* Pods-YandexHomeworkTests.debug.xcconfig */;
			buildSettings = {
				ALWAYS_EMBED_SWIFT_STANDARD_LIBRARIES = YES;
				BUNDLE_LOADER = "$(TEST_HOST)";
				CODE_SIGN_STYLE = Automatic;
				CURRENT_PROJECT_VERSION = 1;
				DEVELOPMENT_TEAM = 754HVLWMVC;
				GENERATE_INFOPLIST_FILE = YES;
				IPHONEOS_DEPLOYMENT_TARGET = 15.5;
				MARKETING_VERSION = 1.0;
				PRODUCT_BUNDLE_IDENTIFIER = DF.YandexHomeworkTests;
				PRODUCT_NAME = "$(TARGET_NAME)";
				SWIFT_EMIT_LOC_STRINGS = NO;
				SWIFT_VERSION = 5.0;
				TARGETED_DEVICE_FAMILY = "1,2";
				TEST_HOST = "$(BUILT_PRODUCTS_DIR)/YandexHomework.app/YandexHomework";
			};
			name = Debug;
		};
		D64DC8192891954D003EAE48 /* Release */ = {
			isa = XCBuildConfiguration;
			baseConfigurationReference = 593376DDC4EAFCA7EC6A8D83 /* Pods-YandexHomeworkTests.release.xcconfig */;
			buildSettings = {
				ALWAYS_EMBED_SWIFT_STANDARD_LIBRARIES = YES;
				BUNDLE_LOADER = "$(TEST_HOST)";
				CODE_SIGN_STYLE = Automatic;
				CURRENT_PROJECT_VERSION = 1;
				DEVELOPMENT_TEAM = 754HVLWMVC;
				GENERATE_INFOPLIST_FILE = YES;
				IPHONEOS_DEPLOYMENT_TARGET = 15.5;
				MARKETING_VERSION = 1.0;
				PRODUCT_BUNDLE_IDENTIFIER = DF.YandexHomeworkTests;
				PRODUCT_NAME = "$(TARGET_NAME)";
				SWIFT_EMIT_LOC_STRINGS = NO;
				SWIFT_VERSION = 5.0;
				TARGETED_DEVICE_FAMILY = "1,2";
				TEST_HOST = "$(BUILT_PRODUCTS_DIR)/YandexHomework.app/YandexHomework";
			};
			name = Release;
		};
		D64DC81B2891954D003EAE48 /* Debug */ = {
			isa = XCBuildConfiguration;
			baseConfigurationReference = 799C2D090CEEC3AC4124305E /* Pods-YandexHomework-YandexHomeworkUITests.debug.xcconfig */;
			buildSettings = {
				ALWAYS_EMBED_SWIFT_STANDARD_LIBRARIES = YES;
				CODE_SIGN_STYLE = Automatic;
				CURRENT_PROJECT_VERSION = 1;
				DEVELOPMENT_TEAM = 754HVLWMVC;
				GENERATE_INFOPLIST_FILE = YES;
				MARKETING_VERSION = 1.0;
				PRODUCT_BUNDLE_IDENTIFIER = DF.YandexHomeworkUITests;
				PRODUCT_NAME = "$(TARGET_NAME)";
				SWIFT_EMIT_LOC_STRINGS = NO;
				SWIFT_VERSION = 5.0;
				TARGETED_DEVICE_FAMILY = "1,2";
				TEST_TARGET_NAME = YandexHomework;
			};
			name = Debug;
		};
		D64DC81C2891954D003EAE48 /* Release */ = {
			isa = XCBuildConfiguration;
			baseConfigurationReference = F3790C8D05DDE4E09C5A179F /* Pods-YandexHomework-YandexHomeworkUITests.release.xcconfig */;
			buildSettings = {
				ALWAYS_EMBED_SWIFT_STANDARD_LIBRARIES = YES;
				CODE_SIGN_STYLE = Automatic;
				CURRENT_PROJECT_VERSION = 1;
				DEVELOPMENT_TEAM = 754HVLWMVC;
				GENERATE_INFOPLIST_FILE = YES;
				MARKETING_VERSION = 1.0;
				PRODUCT_BUNDLE_IDENTIFIER = DF.YandexHomeworkUITests;
				PRODUCT_NAME = "$(TARGET_NAME)";
				SWIFT_EMIT_LOC_STRINGS = NO;
				SWIFT_VERSION = 5.0;
				TARGETED_DEVICE_FAMILY = "1,2";
				TEST_TARGET_NAME = YandexHomework;
			};
			name = Release;
		};
/* End XCBuildConfiguration section */

/* Begin XCConfigurationList section */
		D64DC7E528919549003EAE48 /* Build configuration list for PBXProject "YandexHomework" */ = {
			isa = XCConfigurationList;
			buildConfigurations = (
				D64DC8122891954D003EAE48 /* Debug */,
				D64DC8132891954D003EAE48 /* Release */,
			);
			defaultConfigurationIsVisible = 0;
			defaultConfigurationName = Release;
		};
		D64DC8142891954D003EAE48 /* Build configuration list for PBXNativeTarget "YandexHomework" */ = {
			isa = XCConfigurationList;
			buildConfigurations = (
				D64DC8152891954D003EAE48 /* Debug */,
				D64DC8162891954D003EAE48 /* Release */,
			);
			defaultConfigurationIsVisible = 0;
			defaultConfigurationName = Release;
		};
		D64DC8172891954D003EAE48 /* Build configuration list for PBXNativeTarget "YandexHomeworkTests" */ = {
			isa = XCConfigurationList;
			buildConfigurations = (
				D64DC8182891954D003EAE48 /* Debug */,
				D64DC8192891954D003EAE48 /* Release */,
			);
			defaultConfigurationIsVisible = 0;
			defaultConfigurationName = Release;
		};
		D64DC81A2891954D003EAE48 /* Build configuration list for PBXNativeTarget "YandexHomeworkUITests" */ = {
			isa = XCConfigurationList;
			buildConfigurations = (
				D64DC81B2891954D003EAE48 /* Debug */,
				D64DC81C2891954D003EAE48 /* Release */,
			);
			defaultConfigurationIsVisible = 0;
			defaultConfigurationName = Release;
		};
/* End XCConfigurationList section */
	};
	rootObject = D64DC7E228919549003EAE48 /* Project object */;
}
